{
  "version": 4,
  "terraform_version": "1.0.1",
  "serial": 3,
  "lineage": "69d513cf-083a-ac14-6b62-03b610dcd8ea",
  "outputs": {},
  "resources": [
    {
      "mode": "managed",
      "type": "azurerm_resource_group",
      "name": "rg",
      "provider": "provider[\"registry.terraform.io/hashicorp/azurerm\"]",
      "instances": [
        {
          "schema_version": 0,
          "attributes": {
            "id": "/subscriptions/7fef4dbc-1411-4bf2-b1da-0c276068b5d8/resourceGroups/rg_jfluckiger_terraform",
            "location": "westus2",
            "name": "rg_jfluckiger_terraform",
            "tags": {
              "AppTypeRole": "RG",
              "ApplicationName": "ACETECHWEEK",
              "DRTier": "None",
              "DataProtection": "NotProtected",
              "Environment": "ATS",
              "Location": "USW2Z",
              "NotificationContact": "james.fluckiger@cdw.com",
              "Owner": "James Fluckiger",
              "ProductCostCenter": "ATS",
              "SupportResponseSLA": "None",
              "WorkloadType": "WebServer"
            },
            "timeouts": null
          },
          "sensitive_attributes": [],
          "private": "eyJlMmJmYjczMC1lY2FhLTExZTYtOGY4OC0zNDM2M2JjN2M0YzAiOnsiY3JlYXRlIjo1NDAwMDAwMDAwMDAwLCJkZWxldGUiOjU0MDAwMDAwMDAwMDAsInJlYWQiOjMwMDAwMDAwMDAwMCwidXBkYXRlIjo1NDAwMDAwMDAwMDAwfX0="
        }
      ]
    }
  ]
}
